
Microsoft Visual Studio Solution File, Format Version 12.00
Project("{FAE04EC0-301F-11D3-BF4B-00C04F79EFBC}") = "AccountService", "AccountService\AccountService.csproj", "{96E21E32-44FF-4682-B5CC-37E0A4A59AA3}"
EndProject
Project("{2150E333-8FDC-42A3-9474-1A3956D46DE8}") = "Solution Items", "Solution Items", "{8FD848FC-3762-4565-B946-11F5203BD781}"
	ProjectSection(SolutionItems) = preProject
		docker-compose.yml = docker-compose.yml
		Deployment.yaml = Deployment.yaml
	EndProjectSection
EndProject
Project("{FAE04EC0-301F-11D3-BF4B-00C04F79EFBC}") = "GlobalHelpers", "GlobalHelpers\GlobalHelpers.csproj", "{CE12CC41-07F6-485D-BBAD-B11889195437}"
EndProject
Project("{2150E333-8FDC-42A3-9474-1A3956D46DE8}") = "Tests", "Tests", "{8C2F7376-11E1-4F27-A8A4-0D58F51A65CA}"
EndProject
Project("{FAE04EC0-301F-11D3-BF4B-00C04F79EFBC}") = "AccountServiceTests", "AccountServiceTests\AccountServiceTests.csproj", "{8AA0BB27-3399-412F-9765-05D96037C202}"
EndProject
Project("{FAE04EC0-301F-11D3-BF4B-00C04F79EFBC}") = "CustomExceptions", "CustomExceptions\CustomExceptions.csproj", "{6682F46B-EFBA-4EAE-9E60-F7FD1EF1FD8F}"
EndProject
Project("{FAE04EC0-301F-11D3-BF4B-00C04F79EFBC}") = "CompanySvc", "CompanySvc\CompanySvc.csproj", "{DBB899D4-9235-41B9-8A29-6E2D5D9FA86B}"
EndProject
Project("{FAE04EC0-301F-11D3-BF4B-00C04F79EFBC}") = "GlobalModels", "GlobalModels\GlobalModels.csproj", "{4AABE91E-C342-4B12-825C-73AC964760F3}"
EndProject
Project("{FAE04EC0-301F-11D3-BF4B-00C04F79EFBC}") = "VacancyService", "VacancyService\VacancyService.csproj", "{4FD179F6-3602-4A8D-915D-B3D9B8D22BBD}"
EndProject
Project("{FAE04EC0-301F-11D3-BF4B-00C04F79EFBC}") = "Contracts", "Contracts\Contracts.csproj", "{9DCF8B0F-BDFE-4E06-9603-EED73C135662}"
EndProject
Project("{FAE04EC0-301F-11D3-BF4B-00C04F79EFBC}") = "CompanySvcTests", "CompanySvcTests\CompanySvcTests.csproj", "{9797598F-6997-47CE-830B-522EAB2A1800}"
EndProject
Project("{FAE04EC0-301F-11D3-BF4B-00C04F79EFBC}") = "GlobalHelpersTests", "GlobalHelpersTests\GlobalHelpersTests.csproj", "{96165AFB-D5BC-4980-95E9-91FAF0D8C833}"
EndProject
Project("{FAE04EC0-301F-11D3-BF4B-00C04F79EFBC}") = "CustomAtributtes", "CustomAtributtes\CustomAtributtes.csproj", "{5DCDD271-EC2D-4656-B82E-BA9FEDC6A247}"
EndProject
Global
	GlobalSection(SolutionConfigurationPlatforms) = preSolution
		Debug|Any CPU = Debug|Any CPU
		Release|Any CPU = Release|Any CPU
	EndGlobalSection
	GlobalSection(ProjectConfigurationPlatforms) = postSolution
		{96E21E32-44FF-4682-B5CC-37E0A4A59AA3}.Debug|Any CPU.ActiveCfg = Debug|Any CPU
		{96E21E32-44FF-4682-B5CC-37E0A4A59AA3}.Debug|Any CPU.Build.0 = Debug|Any CPU
		{96E21E32-44FF-4682-B5CC-37E0A4A59AA3}.Release|Any CPU.ActiveCfg = Release|Any CPU
		{96E21E32-44FF-4682-B5CC-37E0A4A59AA3}.Release|Any CPU.Build.0 = Release|Any CPU
		{CE12CC41-07F6-485D-BBAD-B11889195437}.Debug|Any CPU.ActiveCfg = Debug|Any CPU
		{CE12CC41-07F6-485D-BBAD-B11889195437}.Debug|Any CPU.Build.0 = Debug|Any CPU
		{CE12CC41-07F6-485D-BBAD-B11889195437}.Release|Any CPU.ActiveCfg = Release|Any CPU
		{CE12CC41-07F6-485D-BBAD-B11889195437}.Release|Any CPU.Build.0 = Release|Any CPU
		{8AA0BB27-3399-412F-9765-05D96037C202}.Debug|Any CPU.ActiveCfg = Debug|Any CPU
		{8AA0BB27-3399-412F-9765-05D96037C202}.Debug|Any CPU.Build.0 = Debug|Any CPU
		{8AA0BB27-3399-412F-9765-05D96037C202}.Release|Any CPU.ActiveCfg = Release|Any CPU
		{8AA0BB27-3399-412F-9765-05D96037C202}.Release|Any CPU.Build.0 = Release|Any CPU
		{6682F46B-EFBA-4EAE-9E60-F7FD1EF1FD8F}.Debug|Any CPU.ActiveCfg = Debug|Any CPU
		{6682F46B-EFBA-4EAE-9E60-F7FD1EF1FD8F}.Debug|Any CPU.Build.0 = Debug|Any CPU
		{6682F46B-EFBA-4EAE-9E60-F7FD1EF1FD8F}.Release|Any CPU.ActiveCfg = Release|Any CPU
		{6682F46B-EFBA-4EAE-9E60-F7FD1EF1FD8F}.Release|Any CPU.Build.0 = Release|Any CPU
		{DBB899D4-9235-41B9-8A29-6E2D5D9FA86B}.Debug|Any CPU.ActiveCfg = Debug|Any CPU
		{DBB899D4-9235-41B9-8A29-6E2D5D9FA86B}.Debug|Any CPU.Build.0 = Debug|Any CPU
		{DBB899D4-9235-41B9-8A29-6E2D5D9FA86B}.Release|Any CPU.ActiveCfg = Release|Any CPU
		{DBB899D4-9235-41B9-8A29-6E2D5D9FA86B}.Release|Any CPU.Build.0 = Release|Any CPU
		{4AABE91E-C342-4B12-825C-73AC964760F3}.Debug|Any CPU.ActiveCfg = Debug|Any CPU
		{4AABE91E-C342-4B12-825C-73AC964760F3}.Debug|Any CPU.Build.0 = Debug|Any CPU
		{4AABE91E-C342-4B12-825C-73AC964760F3}.Release|Any CPU.ActiveCfg = Release|Any CPU
		{4AABE91E-C342-4B12-825C-73AC964760F3}.Release|Any CPU.Build.0 = Release|Any CPU
		{4FD179F6-3602-4A8D-915D-B3D9B8D22BBD}.Debug|Any CPU.ActiveCfg = Debug|Any CPU
		{4FD179F6-3602-4A8D-915D-B3D9B8D22BBD}.Debug|Any CPU.Build.0 = Debug|Any CPU
		{4FD179F6-3602-4A8D-915D-B3D9B8D22BBD}.Release|Any CPU.ActiveCfg = Release|Any CPU
		{4FD179F6-3602-4A8D-915D-B3D9B8D22BBD}.Release|Any CPU.Build.0 = Release|Any CPU
		{9DCF8B0F-BDFE-4E06-9603-EED73C135662}.Debug|Any CPU.ActiveCfg = Debug|Any CPU
		{9DCF8B0F-BDFE-4E06-9603-EED73C135662}.Debug|Any CPU.Build.0 = Debug|Any CPU
		{9DCF8B0F-BDFE-4E06-9603-EED73C135662}.Release|Any CPU.ActiveCfg = Release|Any CPU
		{9DCF8B0F-BDFE-4E06-9603-EED73C135662}.Release|Any CPU.Build.0 = Release|Any CPU
		{9797598F-6997-47CE-830B-522EAB2A1800}.Debug|Any CPU.ActiveCfg = Debug|Any CPU
		{9797598F-6997-47CE-830B-522EAB2A1800}.Debug|Any CPU.Build.0 = Debug|Any CPU
		{9797598F-6997-47CE-830B-522EAB2A1800}.Release|Any CPU.ActiveCfg = Release|Any CPU
		{9797598F-6997-47CE-830B-522EAB2A1800}.Release|Any CPU.Build.0 = Release|Any CPU
		{96165AFB-D5BC-4980-95E9-91FAF0D8C833}.Debug|Any CPU.ActiveCfg = Debug|Any CPU
		{96165AFB-D5BC-4980-95E9-91FAF0D8C833}.Debug|Any CPU.Build.0 = Debug|Any CPU
		{96165AFB-D5BC-4980-95E9-91FAF0D8C833}.Release|Any CPU.ActiveCfg = Release|Any CPU
		{96165AFB-D5BC-4980-95E9-91FAF0D8C833}.Release|Any CPU.Build.0 = Release|Any CPU
		{5DCDD271-EC2D-4656-B82E-BA9FEDC6A247}.Debug|Any CPU.ActiveCfg = Debug|Any CPU
		{5DCDD271-EC2D-4656-B82E-BA9FEDC6A247}.Debug|Any CPU.Build.0 = Debug|Any CPU
		{5DCDD271-EC2D-4656-B82E-BA9FEDC6A247}.Release|Any CPU.ActiveCfg = Release|Any CPU
		{5DCDD271-EC2D-4656-B82E-BA9FEDC6A247}.Release|Any CPU.Build.0 = Release|Any CPU
	EndGlobalSection
	GlobalSection(NestedProjects) = preSolution
		{8AA0BB27-3399-412F-9765-05D96037C202} = {8C2F7376-11E1-4F27-A8A4-0D58F51A65CA}
		{9797598F-6997-47CE-830B-522EAB2A1800} = {8C2F7376-11E1-4F27-A8A4-0D58F51A65CA}
		{96165AFB-D5BC-4980-95E9-91FAF0D8C833} = {8C2F7376-11E1-4F27-A8A4-0D58F51A65CA}
	EndGlobalSection
EndGlobal
